
Microsoft Visual Studio Solution File, Format Version 12.00
# Visual Studio Version 17
VisualStudioVersion = 17.14.36518.9 d17.14
MinimumVisualStudioVersion = 10.0.40219.1
Project("{FAE04EC0-301F-11D3-BF4B-00C04F79EFBC}") = "FlappyBird", "FlappyBird\FlappyBird.csproj", "{B0DF0978-415B-40E4-BF5B-43C7F9F6877A}"
EndProject
Global
	GlobalSection(SolutionConfigurationPlatforms) = preSolution
		Debug|Any CPU = Debug|Any CPU
		Release|Any CPU = Release|Any CPU
	EndGlobalSection
	GlobalSection(ProjectConfigurationPlatforms) = postSolution
		{B0DF0978-415B-40E4-BF5B-43C7F9F6877A}.Debug|Any CPU.ActiveCfg = Debug|Any CPU
		{B0DF0978-415B-40E4-BF5B-43C7F9F6877A}.Debug|Any CPU.Build.0 = Debug|Any CPU
		{B0DF0978-415B-40E4-BF5B-43C7F9F6877A}.Release|Any CPU.ActiveCfg = Release|Any CPU
		{B0DF0978-415B-40E4-BF5B-43C7F9F6877A}.Release|Any CPU.Build.0 = Release|Any CPU
	EndGlobalSection
	GlobalSection(SolutionProperties) = preSolution
		HideSolutionNode = FALSE
	EndGlobalSection
	GlobalSection(ExtensibilityGlobals) = postSolution
		SolutionGuid = {6AD19672-EE25-43E0-AC10-04DE55327424}
	EndGlobalSection
EndGlobal
